{
  "version": "5",
  "specifiers": {
    "npm:@preact/signals@^2.5.1": "2.5.1_preact@10.28.0",
    "npm:preact@10": "10.28.0",
    "npm:preact@^10.28.0": "10.28.0"
  },
  "npm": {
    "@preact/signals-core@1.12.1": {
      "integrity": "sha512-BwbTXpj+9QutoZLQvbttRg5x3l5468qaV2kufh+51yha1c53ep5dY4kTuZR35+3pAZxpfQerGJiQqg34ZNZ6uA=="
    },
    "@preact/signals@2.5.1_preact@10.28.0": {
      "integrity": "sha512-VPjk5YFt7i11Fi4UK0tzaEe5xLwfhUxXL3l89ocxQ5aPz7bRo8M5+N73LjBMPklyXKYKz6YsNo4Smp8n6nplng==",
      "dependencies": [
        "@preact/signals-core",
        "preact"
      ]
    },
    "preact@10.28.0": {
      "integrity": "sha512-rytDAoiXr3+t6OIP3WGlDd0ouCUG1iCWzkcY3++Nreuoi17y6T5i/zRhe6uYfoVcxq6YU+sBtJouuRDsq8vvqA=="
    }
  },
  "workspace": {
    "dependencies": [
      "npm:@preact/signals@^2.5.1",
      "npm:preact@^10.28.0"
    ]
  }
}
